
Microsoft Visual Studio Solution File, Format Version 12.00
# Visual Studio Version 16
VisualStudioVersion = 16.0.30011.22
MinimumVisualStudioVersion = 10.0.40219.1
Project("{FAE04EC0-301F-11D3-BF4B-00C04F79EFBC}") = "bdd-frontend-tests", "..\bdd-framework-tests\bdd-frontend-tests.csproj", "{F061E231-7F27-43AF-8460-3012B1E61372}"
EndProject
Project("{FAE04EC0-301F-11D3-BF4B-00C04F79EFBC}") = "bdd-backend-tests", "..\bdd-backend-tests\bdd-backend-tests.csproj", "{59049853-C96C-4AE4-AFB0-9CE6501551ED}"
EndProject
Global
	GlobalSection(SolutionConfigurationPlatforms) = preSolution
		Debug|Any CPU = Debug|Any CPU
		Release|Any CPU = Release|Any CPU
	EndGlobalSection
	GlobalSection(ProjectConfigurationPlatforms) = postSolution
		{F061E231-7F27-43AF-8460-3012B1E61372}.Debug|Any CPU.ActiveCfg = Debug|Any CPU
		{F061E231-7F27-43AF-8460-3012B1E61372}.Debug|Any CPU.Build.0 = Debug|Any CPU
		{F061E231-7F27-43AF-8460-3012B1E61372}.Release|Any CPU.ActiveCfg = Release|Any CPU
		{F061E231-7F27-43AF-8460-3012B1E61372}.Release|Any CPU.Build.0 = Release|Any CPU
		{59049853-C96C-4AE4-AFB0-9CE6501551ED}.Debug|Any CPU.ActiveCfg = Debug|Any CPU
		{59049853-C96C-4AE4-AFB0-9CE6501551ED}.Debug|Any CPU.Build.0 = Debug|Any CPU
		{59049853-C96C-4AE4-AFB0-9CE6501551ED}.Release|Any CPU.ActiveCfg = Release|Any CPU
		{59049853-C96C-4AE4-AFB0-9CE6501551ED}.Release|Any CPU.Build.0 = Release|Any CPU
	EndGlobalSection
	GlobalSection(SolutionProperties) = preSolution
		HideSolutionNode = FALSE
	EndGlobalSection
	GlobalSection(ExtensibilityGlobals) = postSolution
		SolutionGuid = {224A96A3-01C6-4F43-9044-337BB088621A}
	EndGlobalSection
EndGlobal
